
Microsoft Visual Studio Solution File, Format Version 12.00
# Visual Studio Version 17
VisualStudioVersion = 17.5.002.0
MinimumVisualStudioVersion = 10.0.40219.1
Project("{9A19103F-16F7-4668-BE54-9A1E7A4F7556}") = "TestProject", "TestProject.csproj", "{2D18D317-A627-4D2F-BCF8-B7403F8EC4E8}"
EndProject
Global
	GlobalSection(SolutionConfigurationPlatforms) = preSolution
		Debug|Any CPU = Debug|Any CPU
		Release|Any CPU = Release|Any CPU
	EndGlobalSection
	GlobalSection(ProjectConfigurationPlatforms) = postSolution
		{2D18D317-A627-4D2F-BCF8-B7403F8EC4E8}.Debug|Any CPU.ActiveCfg = Debug|Any CPU
		{2D18D317-A627-4D2F-BCF8-B7403F8EC4E8}.Debug|Any CPU.Build.0 = Debug|Any CPU
		{2D18D317-A627-4D2F-BCF8-B7403F8EC4E8}.Release|Any CPU.ActiveCfg = Release|Any CPU
		{2D18D317-A627-4D2F-BCF8-B7403F8EC4E8}.Release|Any CPU.Build.0 = Release|Any CPU
	EndGlobalSection
	GlobalSection(SolutionProperties) = preSolution
		HideSolutionNode = FALSE
	EndGlobalSection
	GlobalSection(ExtensibilityGlobals) = postSolution
		SolutionGuid = {22A1EC12-2AEF-4A4C-82FE-7AE6A1703AEF}
	EndGlobalSection
EndGlobal
